{
  "name": "maskable",
  "requires": true,
  "lockfileVersion": 1,
  "dependencies": {
    "file-drop-element": {
      "version": "0.2.0",
      "resolved": "https://registry.npmjs.org/file-drop-element/-/file-drop-element-0.2.0.tgz",
      "integrity": "sha512-BGDdaJ4U2Cz0qhv6YGLnuhVtKcN8fp7F/4dS7lGSL1Fbe8m4cbGk+8awwHW0xcFqutMojxGchMVuWYQpEpP/Qg==",
      "dev": true
    },
    "prettier": {
      "version": "1.18.2",
      "resolved": "https://registry.npmjs.org/prettier/-/prettier-1.18.2.tgz",
      "integrity": "sha512-OeHeMc0JhFE9idD4ZdtNibzY0+TPHSpSSb9h8FqtP+YnoZZ1sl8Vc9b1sasjfymH3SonAF4QcA2+mzHPhMvIiw==",
      "dev": true
    }
  }
}
